
Microsoft Visual Studio Solution File, Format Version 12.00
# Visual Studio Version 17
VisualStudioVersion = 17.4.33205.214
MinimumVisualStudioVersion = 10.0.40219.1
Project("{9A19103F-16F7-4668-BE54-9A1E7A4F7556}") = "Genex.Server", "Genex\Server\Genex.Server.csproj", "{DB827153-0C4F-4ED1-89AC-93D22B1A64CA}"
EndProject
Project("{9A19103F-16F7-4668-BE54-9A1E7A4F7556}") = "Genex.Client", "Genex\Client\Genex.Client.csproj", "{38685863-83B7-4B9E-B14F-4BF778FACAA8}"
EndProject
Project("{9A19103F-16F7-4668-BE54-9A1E7A4F7556}") = "Genex.Shared", "Genex\Shared\Genex.Shared.csproj", "{2ECFC4E3-61A9-43B4-B56D-988A962C8AD3}"
EndProject
Global
	GlobalSection(SolutionConfigurationPlatforms) = preSolution
		Debug|Any CPU = Debug|Any CPU
		Release|Any CPU = Release|Any CPU
	EndGlobalSection
	GlobalSection(ProjectConfigurationPlatforms) = postSolution
		{DB827153-0C4F-4ED1-89AC-93D22B1A64CA}.Debug|Any CPU.ActiveCfg = Debug|Any CPU
		{DB827153-0C4F-4ED1-89AC-93D22B1A64CA}.Debug|Any CPU.Build.0 = Debug|Any CPU
		{DB827153-0C4F-4ED1-89AC-93D22B1A64CA}.Release|Any CPU.ActiveCfg = Release|Any CPU
		{DB827153-0C4F-4ED1-89AC-93D22B1A64CA}.Release|Any CPU.Build.0 = Release|Any CPU
		{38685863-83B7-4B9E-B14F-4BF778FACAA8}.Debug|Any CPU.ActiveCfg = Debug|Any CPU
		{38685863-83B7-4B9E-B14F-4BF778FACAA8}.Debug|Any CPU.Build.0 = Debug|Any CPU
		{38685863-83B7-4B9E-B14F-4BF778FACAA8}.Release|Any CPU.ActiveCfg = Release|Any CPU
		{38685863-83B7-4B9E-B14F-4BF778FACAA8}.Release|Any CPU.Build.0 = Release|Any CPU
		{2ECFC4E3-61A9-43B4-B56D-988A962C8AD3}.Debug|Any CPU.ActiveCfg = Debug|Any CPU
		{2ECFC4E3-61A9-43B4-B56D-988A962C8AD3}.Debug|Any CPU.Build.0 = Debug|Any CPU
		{2ECFC4E3-61A9-43B4-B56D-988A962C8AD3}.Release|Any CPU.ActiveCfg = Release|Any CPU
		{2ECFC4E3-61A9-43B4-B56D-988A962C8AD3}.Release|Any CPU.Build.0 = Release|Any CPU
	EndGlobalSection
	GlobalSection(SolutionProperties) = preSolution
		HideSolutionNode = FALSE
	EndGlobalSection
	GlobalSection(ExtensibilityGlobals) = postSolution
		SolutionGuid = {857A5A15-2233-493C-A666-98E5C730EFAC}
	EndGlobalSection
EndGlobal
